// !$*UTF8*$!
{
	archiveVersion = 1;
	classes = {
	};
	objectVersion = 46;
	objects = {

/* Begin PBXBuildFile section */
		501C80DF1B70C2880009319B /* FixturesWSL1.m in Sources */ = {isa = PBXBuildFile; fileRef = 501C80DE1B70C2880009319B /* FixturesWSL1.m */; };
		501C80E41B7202BC0009319B /* ClubSelection1TableController.m in Sources */ = {isa = PBXBuildFile; fileRef = 501C80E21B7202BC0009319B /* ClubSelection1TableController.m */; };
		501C80E51B7202BC0009319B /* ClubSelection1TableController.xib in Resources */ = {isa = PBXBuildFile; fileRef = 501C80E31B7202BC0009319B /* ClubSelection1TableController.xib */; };
		501C80E91B72057E0009319B /* ClubSelection2TableController.m in Sources */ = {isa = PBXBuildFile; fileRef = 501C80E71B72057E0009319B /* ClubSelection2TableController.m */; };
		501C80EA1B72057E0009319B /* ClubSelection2TableController.xib in Resources */ = {isa = PBXBuildFile; fileRef = 501C80E81B72057E0009319B /* ClubSelection2TableController.xib */; };
		501C80ED1B720A570009319B /* ClubsForLeagueChosen.m in Sources */ = {isa = PBXBuildFile; fileRef = 501C80EC1B720A570009319B /* ClubsForLeagueChosen.m */; };
		501C80EF1B721D730009319B /* ClubListCustomCell.xib in Resources */ = {isa = PBXBuildFile; fileRef = 501C80EE1B721D730009319B /* ClubListCustomCell.xib */; };
		501C80F21B721DBD0009319B /* ClubListCustomCell.m in Sources */ = {isa = PBXBuildFile; fileRef = 501C80F11B721DBD0009319B /* ClubListCustomCell.m */; };
		501C80F61B7361620009319B /* PlayerTableViewController.m in Sources */ = {isa = PBXBuildFile; fileRef = 501C80F41B7361620009319B /* PlayerTableViewController.m */; };
		501C80F71B7361620009319B /* PlayerTableViewController.xib in Resources */ = {isa = PBXBuildFile; fileRef = 501C80F51B7361620009319B /* PlayerTableViewController.xib */; };
		501C80FF1B739E1A0009319B /* RetrieveTeamPlayersWSL.m in Sources */ = {isa = PBXBuildFile; fileRef = 501C80FE1B739E1A0009319B /* RetrieveTeamPlayersWSL.m */; };
		501C81011B73F3A90009319B /* PlayerListCustomCell.xib in Resources */ = {isa = PBXBuildFile; fileRef = 501C81001B73F3A90009319B /* PlayerListCustomCell.xib */; };
		501C81041B73F3D50009319B /* PlayerListCustomCell.m in Sources */ = {isa = PBXBuildFile; fileRef = 501C81031B73F3D50009319B /* PlayerListCustomCell.m */; };
		502C61D31B7DEC8500772B78 /* fixtureCoordinates.json in Resources */ = {isa = PBXBuildFile; fileRef = 502C61D01B7DEC8500772B78 /* fixtureCoordinates.json */; };
		502C61D41B7DEC8500772B78 /* WSL2fixtures.json in Resources */ = {isa = PBXBuildFile; fileRef = 502C61D11B7DEC8500772B78 /* WSL2fixtures.json */; };
		502C61D51B7DEC8500772B78 /* WSL1fixtures.json in Resources */ = {isa = PBXBuildFile; fileRef = 502C61D21B7DEC8500772B78 /* WSL1fixtures.json */; };
		502C6E881B8DFB8F0019982F /* ViewController~ipad.xib in Resources */ = {isa = PBXBuildFile; fileRef = 502C6E871B8DFB8F0019982F /* ViewController~ipad.xib */; };
		502C6E8E1B8E34C10019982F /* backgroud.pdf in Resources */ = {isa = PBXBuildFile; fileRef = 502C6E8D1B8E34C10019982F /* backgroud.pdf */; };
		502C6E901B8E3D060019982F /* greenbox.pdf in Resources */ = {isa = PBXBuildFile; fileRef = 502C6E8F1B8E3D060019982F /* greenbox.pdf */; };
		502C6E921B8F096B0019982F /* splashscreen.pdf in Resources */ = {isa = PBXBuildFile; fileRef = 502C6E911B8F096B0019982F /* splashscreen.pdf */; };
		502C6E981B8F1EAA0019982F /* CustomCellView~ipad.xib in Resources */ = {isa = PBXBuildFile; fileRef = 502C6E971B8F1EAA0019982F /* CustomCellView~ipad.xib */; };
		502C6E9A1B8F213B0019982F /* FixtureCustomCellView~ipad.xib in Resources */ = {isa = PBXBuildFile; fileRef = 502C6E991B8F213B0019982F /* FixtureCustomCellView~ipad.xib */; };
		502C6E9C1B8F24390019982F /* LeagueCustomView~ipad.xib in Resources */ = {isa = PBXBuildFile; fileRef = 502C6E9B1B8F24390019982F /* LeagueCustomView~ipad.xib */; };
		502C6E9E1B8F8C660019982F /* LaunchScreen~ipad.xib in Resources */ = {isa = PBXBuildFile; fileRef = 502C6E9D1B8F8C660019982F /* LaunchScreen~ipad.xib */; };
		502C6EA01B9057F50019982F /* gradient_background.pdf in Resources */ = {isa = PBXBuildFile; fileRef = 502C6E9F1B9057F50019982F /* gradient_background.pdf */; };
		502C6EA21B9057FA0019982F /* iconplain.pdf in Resources */ = {isa = PBXBuildFile; fileRef = 502C6EA11B9057FA0019982F /* iconplain.pdf */; };
		5065152C1B811326001E4007 /* FixturesScotland.m in Sources */ = {isa = PBXBuildFile; fileRef = 5065152B1B811326001E4007 /* FixturesScotland.m */; };
		506515341B812AD0001E4007 /* PodcastsViewController.m in Sources */ = {isa = PBXBuildFile; fileRef = 506515321B812AD0001E4007 /* PodcastsViewController.m */; };
		506515351B812AD0001E4007 /* PodcastsViewController.xib in Resources */ = {isa = PBXBuildFile; fileRef = 506515331B812AD0001E4007 /* PodcastsViewController.xib */; };
		506515371B81F56D001E4007 /* Football2-50(1).png in Resources */ = {isa = PBXBuildFile; fileRef = 506515361B81F56D001E4007 /* Football2-50(1).png */; };
		506515391B820E69001E4007 /* Football-50.png in Resources */ = {isa = PBXBuildFile; fileRef = 506515381B820E69001E4007 /* Football-50.png */; };
		5065153B1B821222001E4007 /* 1439834338_Podcast.png in Resources */ = {isa = PBXBuildFile; fileRef = 5065153A1B821222001E4007 /* 1439834338_Podcast.png */; };
		5065153D1B8213FC001E4007 /* file1001303850319.jpg in Resources */ = {isa = PBXBuildFile; fileRef = 5065153C1B8213FC001E4007 /* file1001303850319.jpg */; };
		5065153F1B822572001E4007 /* background.jpg in Resources */ = {isa = PBXBuildFile; fileRef = 5065153E1B822572001E4007 /* background.jpg */; };
		506515421B8282A3001E4007 /* MBProgressHUD.m in Sources */ = {isa = PBXBuildFile; fileRef = 506515411B8282A3001E4007 /* MBProgressHUD.m */; };
		506515441B85CC08001E4007 /* podcast.png in Resources */ = {isa = PBXBuildFile; fileRef = 506515431B85CC08001E4007 /* podcast.png */; };
		506515461B889AEC001E4007 /* Wi-Fi-50.png in Resources */ = {isa = PBXBuildFile; fileRef = 506515451B889AEC001E4007 /* Wi-Fi-50.png */; };
		506515481B88A127001E4007 /* Search-25@2x.png in Resources */ = {isa = PBXBuildFile; fileRef = 506515471B88A127001E4007 /* Search-25@2x.png */; };
		5065154A1B88A134001E4007 /* Statistics-25@2x.png in Resources */ = {isa = PBXBuildFile; fileRef = 506515491B88A134001E4007 /* Statistics-25@2x.png */; };
		5065154C1B88A77A001E4007 /* Search-25.png in Resources */ = {isa = PBXBuildFile; fileRef = 5065154B1B88A77A001E4007 /* Search-25.png */; };
		5065154E1B88A78C001E4007 /* Statistics-25.png in Resources */ = {isa = PBXBuildFile; fileRef = 5065154D1B88A78C001E4007 /* Statistics-25.png */; };
		506515511B8B0E6B001E4007 /* LeagueScotland.m in Sources */ = {isa = PBXBuildFile; fileRef = 506515501B8B0E6B001E4007 /* LeagueScotland.m */; };
		506515531B8B1FA6001E4007 /* Wi-Fi-50@2x.png in Resources */ = {isa = PBXBuildFile; fileRef = 506515521B8B1FA6001E4007 /* Wi-Fi-50@2x.png */; };
		506515551B8B1FAF001E4007 /* Football2-50(1)@2x.png in Resources */ = {isa = PBXBuildFile; fileRef = 506515541B8B1FAF001E4007 /* Football2-50(1)@2x.png */; };
		506515571B8B1FB5001E4007 /* Football-50@2x.png in Resources */ = {isa = PBXBuildFile; fileRef = 506515561B8B1FB5001E4007 /* Football-50@2x.png */; };
		506A66EF1B62930900BF7ECF /* main.m in Sources */ = {isa = PBXBuildFile; fileRef = 506A66EE1B62930900BF7ECF /* main.m */; };
		506A66F21B62930900BF7ECF /* AppDelegate.m in Sources */ = {isa = PBXBuildFile; fileRef = 506A66F11B62930900BF7ECF /* AppDelegate.m */; };
		506A66F41B62930900BF7ECF /* Images.xcassets in Resources */ = {isa = PBXBuildFile; fileRef = 506A66F31B62930900BF7ECF /* Images.xcassets */; };
		506A66F71B62930900BF7ECF /* LaunchScreen.xib in Resources */ = {isa = PBXBuildFile; fileRef = 506A66F51B62930900BF7ECF /* LaunchScreen.xib */; };
		506A67031B62930900BF7ECF /* FootbalAppSkeletonTests.m in Sources */ = {isa = PBXBuildFile; fileRef = 506A67021B62930900BF7ECF /* FootbalAppSkeletonTests.m */; };
		506A67101B62932900BF7ECF /* ViewController.xib in Resources */ = {isa = PBXBuildFile; fileRef = 506A670E1B62932900BF7ECF /* ViewController.xib */; };
		506A67141B62937A00BF7ECF /* TabBarController.m in Sources */ = {isa = PBXBuildFile; fileRef = 506A67121B62937A00BF7ECF /* TabBarController.m */; };
		506A67151B62937A00BF7ECF /* TabBarController.xib in Resources */ = {isa = PBXBuildFile; fileRef = 506A67131B62937A00BF7ECF /* TabBarController.xib */; };
		506A671E1B63E71E00BF7ECF /* MatchFinderViewController.m in Sources */ = {isa = PBXBuildFile; fileRef = 506A671C1B63E71E00BF7ECF /* MatchFinderViewController.m */; };
		506A671F1B63E71E00BF7ECF /* MatchFinderViewController.xib in Resources */ = {isa = PBXBuildFile; fileRef = 506A671D1B63E71E00BF7ECF /* MatchFinderViewController.xib */; };
		50C210561B667F71007DF45F /* LeagueMenuTableViewController.m in Sources */ = {isa = PBXBuildFile; fileRef = 50C210541B667F71007DF45F /* LeagueMenuTableViewController.m */; };
		50C210571B667F71007DF45F /* LeagueMenuTableViewController.xib in Resources */ = {isa = PBXBuildFile; fileRef = 50C210551B667F71007DF45F /* LeagueMenuTableViewController.xib */; };
		50C210591B6776F0007DF45F /* ViewController.m in Sources */ = {isa = PBXBuildFile; fileRef = 50C210581B6776F0007DF45F /* ViewController.m */; };
		50C2105B1B67BBD9007DF45F /* CustomCellView.xib in Resources */ = {isa = PBXBuildFile; fileRef = 50C2105A1B67BBD9007DF45F /* CustomCellView.xib */; };
		50C2105E1B67BC9B007DF45F /* CustomCellView.m in Sources */ = {isa = PBXBuildFile; fileRef = 50C2105D1B67BC9B007DF45F /* CustomCellView.m */; };
		50C210671B68C4E6007DF45F /* CustomCellViewLeagueTable.xib in Resources */ = {isa = PBXBuildFile; fileRef = 50C210661B68C4E6007DF45F /* CustomCellViewLeagueTable.xib */; };
		50C2106B1B68C6EC007DF45F /* FixturesTableViewController.m in Sources */ = {isa = PBXBuildFile; fileRef = 50C210691B68C6EC007DF45F /* FixturesTableViewController.m */; };
		50C2106C1B68C6EC007DF45F /* FixturesTableViewController.xib in Resources */ = {isa = PBXBuildFile; fileRef = 50C2106A1B68C6EC007DF45F /* FixturesTableViewController.xib */; };
		50C210701B68E1C7007DF45F /* FixtureDetailTableViewController.m in Sources */ = {isa = PBXBuildFile; fileRef = 50C2106E1B68E1C7007DF45F /* FixtureDetailTableViewController.m */; };
		50C210711B68E1C7007DF45F /* FixtureDetailTableViewController.xib in Resources */ = {isa = PBXBuildFile; fileRef = 50C2106F1B68E1C7007DF45F /* FixtureDetailTableViewController.xib */; };
		50C210731B68EC75007DF45F /* FixtureCustomCellView.xib in Resources */ = {isa = PBXBuildFile; fileRef = 50C210721B68EC75007DF45F /* FixtureCustomCellView.xib */; };
		50C210761B6904F2007DF45F /* FixtureCustomCellView.m in Sources */ = {isa = PBXBuildFile; fileRef = 50C210751B6904F2007DF45F /* FixtureCustomCellView.m */; };
		50C210791B690D7E007DF45F /* FixturesSouth.m in Sources */ = {isa = PBXBuildFile; fileRef = 50C210781B690D7E007DF45F /* FixturesSouth.m */; };
		50C210811B6B698E007DF45F /* FixturesNorth.m in Sources */ = {isa = PBXBuildFile; fileRef = 50C210801B6B698E007DF45F /* FixturesNorth.m */; };
		50C210841B6B8CE4007DF45F /* FixturesWales.m in Sources */ = {isa = PBXBuildFile; fileRef = 50C210831B6B8CE4007DF45F /* FixturesWales.m */; };
		50C210881B6E1717007DF45F /* LeagueDetailTableViewController.m in Sources */ = {isa = PBXBuildFile; fileRef = 50C210861B6E1717007DF45F /* LeagueDetailTableViewController.m */; };
		50C210891B6E1717007DF45F /* LeagueDetailTableViewController.xib in Resources */ = {isa = PBXBuildFile; fileRef = 50C210871B6E1717007DF45F /* LeagueDetailTableViewController.xib */; };
		50C2108E1B6F5C42007DF45F /* LeagueCustomView.xib in Resources */ = {isa = PBXBuildFile; fileRef = 50C2108D1B6F5C42007DF45F /* LeagueCustomView.xib */; };
		50C210911B6F5F45007DF45F /* LeagueCustomView.m in Sources */ = {isa = PBXBuildFile; fileRef = 50C210901B6F5F45007DF45F /* LeagueCustomView.m */; };
		50C210941B6F635C007DF45F /* LeagueWales.m in Sources */ = {isa = PBXBuildFile; fileRef = 50C210931B6F635C007DF45F /* LeagueWales.m */; };
		50C7D9A41B765F4400D59001 /* RetrieveTeamPlayersPremierLeague.m in Sources */ = {isa = PBXBuildFile; fileRef = 50C7D9A31B765F4400D59001 /* RetrieveTeamPlayersPremierLeague.m */; };
		50C7D9AB1B78A0FF00D59001 /* FixturesWSL2.m in Sources */ = {isa = PBXBuildFile; fileRef = 50C7D9AA1B78A0FF00D59001 /* FixturesWSL2.m */; };
		50C7D9AE1B78DDE900D59001 /* Location.m in Sources */ = {isa = PBXBuildFile; fileRef = 50C7D9AD1B78DDE900D59001 /* Location.m */; };
		50CB6A961B8BA6210089F967 /* FixturesNorthernOne.m in Sources */ = {isa = PBXBuildFile; fileRef = 50CB6A951B8BA6210089F967 /* FixturesNorthernOne.m */; };
		50CB6A991B8BA63D0089F967 /* FixturesSouthEast.m in Sources */ = {isa = PBXBuildFile; fileRef = 50CB6A981B8BA63D0089F967 /* FixturesSouthEast.m */; };
		50CB6A9C1B8BA6580089F967 /* FixturesSouthWest.m in Sources */ = {isa = PBXBuildFile; fileRef = 50CB6A9B1B8BA6580089F967 /* FixturesSouthWest.m */; };
		50CB6A9F1B8BA67D0089F967 /* FixturesMidlands.m in Sources */ = {isa = PBXBuildFile; fileRef = 50CB6A9E1B8BA67D0089F967 /* FixturesMidlands.m */; };
		50CB6AA21B8C5BE60089F967 /* Reachability.m in Sources */ = {isa = PBXBuildFile; fileRef = 50CB6AA11B8C5BE60089F967 /* Reachability.m */; };
		CAA0FFD3BA285F754D670913 /* libPods.a in Frameworks */ = {isa = PBXBuildFile; fileRef = 721F5A1BD8D490C162AB90FE /* libPods.a */; };
/* End PBXBuildFile section */

/* Begin PBXContainerItemProxy section */
		506A66FD1B62930900BF7ECF /* PBXContainerItemProxy */ = {
			isa = PBXContainerItemProxy;
			containerPortal = 506A66E11B62930900BF7ECF /* Project object */;
			proxyType = 1;
			remoteGlobalIDString = 506A66E81B62930900BF7ECF;
			remoteInfo = FootbalAppSkeleton;
		};
/* End PBXContainerItemProxy section */

/* Begin PBXFileReference section */
		501C80DD1B70C2880009319B /* FixturesWSL1.h */ = {isa = PBXFileReference; fileEncoding = 4; lastKnownFileType = sourcecode.c.h; path = FixturesWSL1.h; sourceTree = "<group>"; };
		501C80DE1B70C2880009319B /* FixturesWSL1.m */ = {isa = PBXFileReference; fileEncoding = 4; lastKnownFileType = sourcecode.c.objc; path = FixturesWSL1.m; sourceTree = "<group>"; };
		501C80E11B7202BC0009319B /* ClubSelection1TableController.h */ = {isa = PBXFileReference; fileEncoding = 4; lastKnownFileType = sourcecode.c.h; path = ClubSelection1TableController.h; sourceTree = "<group>"; };
		501C80E21B7202BC0009319B /* ClubSelection1TableController.m */ = {isa = PBXFileReference; fileEncoding = 4; lastKnownFileType = sourcecode.c.objc; path = ClubSelection1TableController.m; sourceTree = "<group>"; };
		501C80E31B7202BC0009319B /* ClubSelection1TableController.xib */ = {isa = PBXFileReference; fileEncoding = 4; lastKnownFileType = file.xib; path = ClubSelection1TableController.xib; sourceTree = "<group>"; };
		501C80E61B72057E0009319B /* ClubSelection2TableController.h */ = {isa = PBXFileReference; fileEncoding = 4; lastKnownFileType = sourcecode.c.h; path = ClubSelection2TableController.h; sourceTree = "<group>"; };
		501C80E71B72057E0009319B /* ClubSelection2TableController.m */ = {isa = PBXFileReference; fileEncoding = 4; lastKnownFileType = sourcecode.c.objc; path = ClubSelection2TableController.m; sourceTree = "<group>"; };
		501C80E81B72057E0009319B /* ClubSelection2TableController.xib */ = {isa = PBXFileReference; fileEncoding = 4; lastKnownFileType = file.xib; path = ClubSelection2TableController.xib; sourceTree = "<group>"; };
		501C80EB1B720A570009319B /* ClubsForLeagueChosen.h */ = {isa = PBXFileReference; fileEncoding = 4; lastKnownFileType = sourcecode.c.h; path = ClubsForLeagueChosen.h; sourceTree = "<group>"; };
		501C80EC1B720A570009319B /* ClubsForLeagueChosen.m */ = {isa = PBXFileReference; fileEncoding = 4; lastKnownFileType = sourcecode.c.objc; path = ClubsForLeagueChosen.m; sourceTree = "<group>"; };
		501C80EE1B721D730009319B /* ClubListCustomCell.xib */ = {isa = PBXFileReference; fileEncoding = 4; lastKnownFileType = file.xib; path = ClubListCustomCell.xib; sourceTree = "<group>"; };
		501C80F01B721DBD0009319B /* ClubListCustomCell.h */ = {isa = PBXFileReference; fileEncoding = 4; lastKnownFileType = sourcecode.c.h; path = ClubListCustomCell.h; sourceTree = "<group>"; };
		501C80F11B721DBD0009319B /* ClubListCustomCell.m */ = {isa = PBXFileReference; fileEncoding = 4; lastKnownFileType = sourcecode.c.objc; path = ClubListCustomCell.m; sourceTree = "<group>"; };
		501C80F31B7361620009319B /* PlayerTableViewController.h */ = {isa = PBXFileReference; fileEncoding = 4; lastKnownFileType = sourcecode.c.h; path = PlayerTableViewController.h; sourceTree = "<group>"; };
		501C80F41B7361620009319B /* PlayerTableViewController.m */ = {isa = PBXFileReference; fileEncoding = 4; lastKnownFileType = sourcecode.c.objc; path = PlayerTableViewController.m; sourceTree = "<group>"; };
		501C80F51B7361620009319B /* PlayerTableViewController.xib */ = {isa = PBXFileReference; fileEncoding = 4; lastKnownFileType = file.xib; path = PlayerTableViewController.xib; sourceTree = "<group>"; };
		501C80FD1B739E1A0009319B /* RetrieveTeamPlayersWSL.h */ = {isa = PBXFileReference; fileEncoding = 4; lastKnownFileType = sourcecode.c.h; path = RetrieveTeamPlayersWSL.h; sourceTree = "<group>"; };
		501C80FE1B739E1A0009319B /* RetrieveTeamPlayersWSL.m */ = {isa = PBXFileReference; fileEncoding = 4; lastKnownFileType = sourcecode.c.objc; path = RetrieveTeamPlayersWSL.m; sourceTree = "<group>"; };
		501C81001B73F3A90009319B /* PlayerListCustomCell.xib */ = {isa = PBXFileReference; fileEncoding = 4; lastKnownFileType = file.xib; path = PlayerListCustomCell.xib; sourceTree = "<group>"; };
		501C81021B73F3D50009319B /* PlayerListCustomCell.h */ = {isa = PBXFileReference; fileEncoding = 4; lastKnownFileType = sourcecode.c.h; path = PlayerListCustomCell.h; sourceTree = "<group>"; };
		501C81031B73F3D50009319B /* PlayerListCustomCell.m */ = {isa = PBXFileReference; fileEncoding = 4; lastKnownFileType = sourcecode.c.objc; path = PlayerListCustomCell.m; sourceTree = "<group>"; };
		502C61D01B7DEC8500772B78 /* fixtureCoordinates.json */ = {isa = PBXFileReference; fileEncoding = 4; lastKnownFileType = text.json; path = fixtureCoordinates.json; sourceTree = "<group>"; };
		502C61D11B7DEC8500772B78 /* WSL2fixtures.json */ = {isa = PBXFileReference; fileEncoding = 4; lastKnownFileType = text.json; path = WSL2fixtures.json; sourceTree = "<group>"; };
		502C61D21B7DEC8500772B78 /* WSL1fixtures.json */ = {isa = PBXFileReference; fileEncoding = 4; lastKnownFileType = text.json; path = WSL1fixtures.json; sourceTree = "<group>"; };
		502C6E871B8DFB8F0019982F /* ViewController~ipad.xib */ = {isa = PBXFileReference; fileEncoding = 4; lastKnownFileType = file.xib; path = "ViewController~ipad.xib"; sourceTree = "<group>"; };
		502C6E8D1B8E34C10019982F /* backgroud.pdf */ = {isa = PBXFileReference; lastKnownFileType = image.pdf; path = backgroud.pdf; sourceTree = "<group>"; };
		502C6E8F1B8E3D060019982F /* greenbox.pdf */ = {isa = PBXFileReference; lastKnownFileType = image.pdf; path = greenbox.pdf; sourceTree = "<group>"; };
		502C6E911B8F096B0019982F /* splashscreen.pdf */ = {isa = PBXFileReference; lastKnownFileType = image.pdf; path = splashscreen.pdf; sourceTree = "<group>"; };
		502C6E971B8F1EAA0019982F /* CustomCellView~ipad.xib */ = {isa = PBXFileReference; fileEncoding = 4; lastKnownFileType = file.xib; path = "CustomCellView~ipad.xib"; sourceTree = "<group>"; };
		502C6E991B8F213B0019982F /* FixtureCustomCellView~ipad.xib */ = {isa = PBXFileReference; fileEncoding = 4; lastKnownFileType = file.xib; path = "FixtureCustomCellView~ipad.xib"; sourceTree = "<group>"; };
		502C6E9B1B8F24390019982F /* LeagueCustomView~ipad.xib */ = {isa = PBXFileReference; fileEncoding = 4; lastKnownFileType = file.xib; path = "LeagueCustomView~ipad.xib"; sourceTree = "<group>"; };
		502C6E9D1B8F8C660019982F /* LaunchScreen~ipad.xib */ = {isa = PBXFileReference; fileEncoding = 4; lastKnownFileType = file.xib; path = "LaunchScreen~ipad.xib"; sourceTree = "<group>"; };
		502C6E9F1B9057F50019982F /* gradient_background.pdf */ = {isa = PBXFileReference; lastKnownFileType = image.pdf; path = gradient_background.pdf; sourceTree = "<group>"; };
		502C6EA11B9057FA0019982F /* iconplain.pdf */ = {isa = PBXFileReference; lastKnownFileType = image.pdf; path = iconplain.pdf; sourceTree = "<group>"; };
		5065152A1B811326001E4007 /* FixturesScotland.h */ = {isa = PBXFileReference; fileEncoding = 4; lastKnownFileType = sourcecode.c.h; path = FixturesScotland.h; sourceTree = "<group>"; };
		5065152B1B811326001E4007 /* FixturesScotland.m */ = {isa = PBXFileReference; fileEncoding = 4; lastKnownFileType = sourcecode.c.objc; path = FixturesScotland.m; sourceTree = "<group>"; };
		506515311B812AD0001E4007 /* PodcastsViewController.h */ = {isa = PBXFileReference; fileEncoding = 4; lastKnownFileType = sourcecode.c.h; path = PodcastsViewController.h; sourceTree = "<group>"; };
		506515321B812AD0001E4007 /* PodcastsViewController.m */ = {isa = PBXFileReference; fileEncoding = 4; lastKnownFileType = sourcecode.c.objc; path = PodcastsViewController.m; sourceTree = "<group>"; };
		506515331B812AD0001E4007 /* PodcastsViewController.xib */ = {isa = PBXFileReference; fileEncoding = 4; lastKnownFileType = file.xib; path = PodcastsViewController.xib; sourceTree = "<group>"; };
		506515361B81F56D001E4007 /* Football2-50(1).png */ = {isa = PBXFileReference; lastKnownFileType = image.png; path = "Football2-50(1).png"; sourceTree = "<group>"; };
		506515381B820E69001E4007 /* Football-50.png */ = {isa = PBXFileReference; lastKnownFileType = image.png; path = "Football-50.png"; sourceTree = "<group>"; };
		5065153A1B821222001E4007 /* 1439834338_Podcast.png */ = {isa = PBXFileReference; lastKnownFileType = image.png; path = 1439834338_Podcast.png; sourceTree = "<group>"; };
		5065153C1B8213FC001E4007 /* file1001303850319.jpg */ = {isa = PBXFileReference; lastKnownFileType = image.jpeg; path = file1001303850319.jpg; sourceTree = "<group>"; };
		5065153E1B822572001E4007 /* background.jpg */ = {isa = PBXFileReference; lastKnownFileType = image.jpeg; path = background.jpg; sourceTree = "<group>"; };
		506515401B8282A2001E4007 /* MBProgressHUD.h */ = {isa = PBXFileReference; fileEncoding = 4; lastKnownFileType = sourcecode.c.h; path = MBProgressHUD.h; sourceTree = "<group>"; };
		506515411B8282A3001E4007 /* MBProgressHUD.m */ = {isa = PBXFileReference; fileEncoding = 4; lastKnownFileType = sourcecode.c.objc; path = MBProgressHUD.m; sourceTree = "<group>"; };
		506515431B85CC08001E4007 /* podcast.png */ = {isa = PBXFileReference; lastKnownFileType = image.png; path = podcast.png; sourceTree = "<group>"; };
		506515451B889AEC001E4007 /* Wi-Fi-50.png */ = {isa = PBXFileReference; lastKnownFileType = image.png; path = "Wi-Fi-50.png"; sourceTree = "<group>"; };
		506515471B88A127001E4007 /* Search-25@2x.png */ = {isa = PBXFileReference; lastKnownFileType = image.png; path = "Search-25@2x.png"; sourceTree = "<group>"; };
		506515491B88A134001E4007 /* Statistics-25@2x.png */ = {isa = PBXFileReference; lastKnownFileType = image.png; path = "Statistics-25@2x.png"; sourceTree = "<group>"; };
		5065154B1B88A77A001E4007 /* Search-25.png */ = {isa = PBXFileReference; lastKnownFileType = image.png; path = "Search-25.png"; sourceTree = "<group>"; };
		5065154D1B88A78C001E4007 /* Statistics-25.png */ = {isa = PBXFileReference; lastKnownFileType = image.png; path = "Statistics-25.png"; sourceTree = "<group>"; };
		5065154F1B8B0E6B001E4007 /* LeagueScotland.h */ = {isa = PBXFileReference; fileEncoding = 4; lastKnownFileType = sourcecode.c.h; path = LeagueScotland.h; sourceTree = "<group>"; };
		506515501B8B0E6B001E4007 /* LeagueScotland.m */ = {isa = PBXFileReference; fileEncoding = 4; lastKnownFileType = sourcecode.c.objc; path = LeagueScotland.m; sourceTree = "<group>"; };
		506515521B8B1FA6001E4007 /* Wi-Fi-50@2x.png */ = {isa = PBXFileReference; lastKnownFileType = image.png; path = "Wi-Fi-50@2x.png"; sourceTree = "<group>"; };
		506515541B8B1FAF001E4007 /* Football2-50(1)@2x.png */ = {isa = PBXFileReference; lastKnownFileType = image.png; path = "Football2-50(1)@2x.png"; sourceTree = "<group>"; };
		506515561B8B1FB5001E4007 /* Football-50@2x.png */ = {isa = PBXFileReference; lastKnownFileType = image.png; path = "Football-50@2x.png"; sourceTree = "<group>"; };
		506A66E91B62930900BF7ECF /* The Female Football Guide.app */ = {isa = PBXFileReference; explicitFileType = wrapper.application; includeInIndex = 0; path = "The Female Football Guide.app"; sourceTree = BUILT_PRODUCTS_DIR; };
		506A66ED1B62930900BF7ECF /* Info.plist */ = {isa = PBXFileReference; lastKnownFileType = text.plist.xml; path = Info.plist; sourceTree = "<group>"; };
		506A66EE1B62930900BF7ECF /* main.m */ = {isa = PBXFileReference; lastKnownFileType = sourcecode.c.objc; path = main.m; sourceTree = "<group>"; };
		506A66F01B62930900BF7ECF /* AppDelegate.h */ = {isa = PBXFileReference; lastKnownFileType = sourcecode.c.h; path = AppDelegate.h; sourceTree = "<group>"; };
		506A66F11B62930900BF7ECF /* AppDelegate.m */ = {isa = PBXFileReference; lastKnownFileType = sourcecode.c.objc; path = AppDelegate.m; sourceTree = "<group>"; };
		506A66F31B62930900BF7ECF /* Images.xcassets */ = {isa = PBXFileReference; lastKnownFileType = folder.assetcatalog; path = Images.xcassets; sourceTree = "<group>"; };
		506A66F61B62930900BF7ECF /* Base */ = {isa = PBXFileReference; lastKnownFileType = file.xib; name = Base; path = Base.lproj/LaunchScreen.xib; sourceTree = "<group>"; };
		506A66FC1B62930900BF7ECF /* FootbalAppSkeletonTests.xctest */ = {isa = PBXFileReference; explicitFileType = wrapper.cfbundle; includeInIndex = 0; path = FootbalAppSkeletonTests.xctest; sourceTree = BUILT_PRODUCTS_DIR; };
		506A67011B62930900BF7ECF /* Info.plist */ = {isa = PBXFileReference; lastKnownFileType = text.plist.xml; path = Info.plist; sourceTree = "<group>"; };
		506A67021B62930900BF7ECF /* FootbalAppSkeletonTests.m */ = {isa = PBXFileReference; lastKnownFileType = sourcecode.c.objc; path = FootbalAppSkeletonTests.m; sourceTree = "<group>"; };
		506A670C1B62932900BF7ECF /* ViewController.h */ = {isa = PBXFileReference; fileEncoding = 4; lastKnownFileType = sourcecode.c.h; path = ViewController.h; sourceTree = "<group>"; };
		506A670E1B62932900BF7ECF /* ViewController.xib */ = {isa = PBXFileReference; fileEncoding = 4; lastKnownFileType = file.xib; path = ViewController.xib; sourceTree = "<group>"; };
		506A67111B62937A00BF7ECF /* TabBarController.h */ = {isa = PBXFileReference; fileEncoding = 4; lastKnownFileType = sourcecode.c.h; path = TabBarController.h; sourceTree = "<group>"; };
		506A67121B62937A00BF7ECF /* TabBarController.m */ = {isa = PBXFileReference; fileEncoding = 4; lastKnownFileType = sourcecode.c.objc; path = TabBarController.m; sourceTree = "<group>"; };
		506A67131B62937A00BF7ECF /* TabBarController.xib */ = {isa = PBXFileReference; fileEncoding = 4; lastKnownFileType = file.xib; path = TabBarController.xib; sourceTree = "<group>"; };
		506A671B1B63E71E00BF7ECF /* MatchFinderViewController.h */ = {isa = PBXFileReference; fileEncoding = 4; lastKnownFileType = sourcecode.c.h; path = MatchFinderViewController.h; sourceTree = "<group>"; };
		506A671C1B63E71E00BF7ECF /* MatchFinderViewController.m */ = {isa = PBXFileReference; fileEncoding = 4; lastKnownFileType = sourcecode.c.objc; path = MatchFinderViewController.m; sourceTree = "<group>"; };
		506A671D1B63E71E00BF7ECF /* MatchFinderViewController.xib */ = {isa = PBXFileReference; fileEncoding = 4; lastKnownFileType = file.xib; path = MatchFinderViewController.xib; sourceTree = "<group>"; };
		50C210531B667F71007DF45F /* LeagueMenuTableViewController.h */ = {isa = PBXFileReference; fileEncoding = 4; lastKnownFileType = sourcecode.c.h; path = LeagueMenuTableViewController.h; sourceTree = "<group>"; };
		50C210541B667F71007DF45F /* LeagueMenuTableViewController.m */ = {isa = PBXFileReference; fileEncoding = 4; lastKnownFileType = sourcecode.c.objc; path = LeagueMenuTableViewController.m; sourceTree = "<group>"; };
		50C210551B667F71007DF45F /* LeagueMenuTableViewController.xib */ = {isa = PBXFileReference; fileEncoding = 4; lastKnownFileType = file.xib; path = LeagueMenuTableViewController.xib; sourceTree = "<group>"; };
		50C210581B6776F0007DF45F /* ViewController.m */ = {isa = PBXFileReference; fileEncoding = 4; lastKnownFileType = sourcecode.c.objc; path = ViewController.m; sourceTree = "<group>"; };
		50C2105A1B67BBD9007DF45F /* CustomCellView.xib */ = {isa = PBXFileReference; fileEncoding = 4; lastKnownFileType = file.xib; path = CustomCellView.xib; sourceTree = "<group>"; };
		50C2105C1B67BC9B007DF45F /* CustomCellView.h */ = {isa = PBXFileReference; fileEncoding = 4; lastKnownFileType = sourcecode.c.h; path = CustomCellView.h; sourceTree = "<group>"; };
		50C2105D1B67BC9B007DF45F /* CustomCellView.m */ = {isa = PBXFileReference; fileEncoding = 4; lastKnownFileType = sourcecode.c.objc; path = CustomCellView.m; sourceTree = "<group>"; };
		50C210661B68C4E6007DF45F /* CustomCellViewLeagueTable.xib */ = {isa = PBXFileReference; fileEncoding = 4; lastKnownFileType = file.xib; path = CustomCellViewLeagueTable.xib; sourceTree = "<group>"; };
		50C210681B68C6EC007DF45F /* FixturesTableViewController.h */ = {isa = PBXFileReference; fileEncoding = 4; lastKnownFileType = sourcecode.c.h; path = FixturesTableViewController.h; sourceTree = "<group>"; };
		50C210691B68C6EC007DF45F /* FixturesTableViewController.m */ = {isa = PBXFileReference; fileEncoding = 4; lastKnownFileType = sourcecode.c.objc; path = FixturesTableViewController.m; sourceTree = "<group>"; };
		50C2106A1B68C6EC007DF45F /* FixturesTableViewController.xib */ = {isa = PBXFileReference; fileEncoding = 4; lastKnownFileType = file.xib; path = FixturesTableViewController.xib; sourceTree = "<group>"; };
		50C2106D1B68E1C7007DF45F /* FixtureDetailTableViewController.h */ = {isa = PBXFileReference; fileEncoding = 4; lastKnownFileType = sourcecode.c.h; path = FixtureDetailTableViewController.h; sourceTree = "<group>"; };
		50C2106E1B68E1C7007DF45F /* FixtureDetailTableViewController.m */ = {isa = PBXFileReference; fileEncoding = 4; lastKnownFileType = sourcecode.c.objc; path = FixtureDetailTableViewController.m; sourceTree = "<group>"; };
		50C2106F1B68E1C7007DF45F /* FixtureDetailTableViewController.xib */ = {isa = PBXFileReference; fileEncoding = 4; lastKnownFileType = file.xib; path = FixtureDetailTableViewController.xib; sourceTree = "<group>"; };
		50C210721B68EC75007DF45F /* FixtureCustomCellView.xib */ = {isa = PBXFileReference; fileEncoding = 4; lastKnownFileType = file.xib; path = FixtureCustomCellView.xib; sourceTree = "<group>"; };
		50C210741B6904F2007DF45F /* FixtureCustomCellView.h */ = {isa = PBXFileReference; fileEncoding = 4; lastKnownFileType = sourcecode.c.h; path = FixtureCustomCellView.h; sourceTree = "<group>"; };
		50C210751B6904F2007DF45F /* FixtureCustomCellView.m */ = {isa = PBXFileReference; fileEncoding = 4; lastKnownFileType = sourcecode.c.objc; path = FixtureCustomCellView.m; sourceTree = "<group>"; };
		50C210771B690D7E007DF45F /* FixturesSouth.h */ = {isa = PBXFileReference; fileEncoding = 4; lastKnownFileType = sourcecode.c.h; path = FixturesSouth.h; sourceTree = "<group>"; };
		50C210781B690D7E007DF45F /* FixturesSouth.m */ = {isa = PBXFileReference; fileEncoding = 4; lastKnownFileType = sourcecode.c.objc; path = FixturesSouth.m; sourceTree = "<group>"; };
		50C2107F1B6B698E007DF45F /* FixturesNorth.h */ = {isa = PBXFileReference; fileEncoding = 4; lastKnownFileType = sourcecode.c.h; path = FixturesNorth.h; sourceTree = "<group>"; };
		50C210801B6B698E007DF45F /* FixturesNorth.m */ = {isa = PBXFileReference; fileEncoding = 4; lastKnownFileType = sourcecode.c.objc; path = FixturesNorth.m; sourceTree = "<group>"; };
		50C210821B6B8CE4007DF45F /* FixturesWales.h */ = {isa = PBXFileReference; fileEncoding = 4; lastKnownFileType = sourcecode.c.h; path = FixturesWales.h; sourceTree = "<group>"; };
		50C210831B6B8CE4007DF45F /* FixturesWales.m */ = {isa = PBXFileReference; fileEncoding = 4; lastKnownFileType = sourcecode.c.objc; path = FixturesWales.m; sourceTree = "<group>"; };
		50C210851B6E1717007DF45F /* LeagueDetailTableViewController.h */ = {isa = PBXFileReference; fileEncoding = 4; lastKnownFileType = sourcecode.c.h; path = LeagueDetailTableViewController.h; sourceTree = "<group>"; };
		50C210861B6E1717007DF45F /* LeagueDetailTableViewController.m */ = {isa = PBXFileReference; fileEncoding = 4; lastKnownFileType = sourcecode.c.objc; path = LeagueDetailTableViewController.m; sourceTree = "<group>"; };
		50C210871B6E1717007DF45F /* LeagueDetailTableViewController.xib */ = {isa = PBXFileReference; fileEncoding = 4; lastKnownFileType = file.xib; path = LeagueDetailTableViewController.xib; sourceTree = "<group>"; };
		50C2108D1B6F5C42007DF45F /* LeagueCustomView.xib */ = {isa = PBXFileReference; fileEncoding = 4; lastKnownFileType = file.xib; path = LeagueCustomView.xib; sourceTree = "<group>"; };
		50C2108F1B6F5F45007DF45F /* LeagueCustomView.h */ = {isa = PBXFileReference; fileEncoding = 4; lastKnownFileType = sourcecode.c.h; path = LeagueCustomView.h; sourceTree = "<group>"; };
		50C210901B6F5F45007DF45F /* LeagueCustomView.m */ = {isa = PBXFileReference; fileEncoding = 4; lastKnownFileType = sourcecode.c.objc; path = LeagueCustomView.m; sourceTree = "<group>"; };
		50C210921B6F635C007DF45F /* LeagueWales.h */ = {isa = PBXFileReference; fileEncoding = 4; lastKnownFileType = sourcecode.c.h; path = LeagueWales.h; sourceTree = "<group>"; };
		50C210931B6F635C007DF45F /* LeagueWales.m */ = {isa = PBXFileReference; fileEncoding = 4; lastKnownFileType = sourcecode.c.objc; path = LeagueWales.m; sourceTree = "<group>"; };
		50C7D9A21B765F4400D59001 /* RetrieveTeamPlayersPremierLeague.h */ = {isa = PBXFileReference; fileEncoding = 4; lastKnownFileType = sourcecode.c.h; path = RetrieveTeamPlayersPremierLeague.h; sourceTree = "<group>"; };
		50C7D9A31B765F4400D59001 /* RetrieveTeamPlayersPremierLeague.m */ = {isa = PBXFileReference; fileEncoding = 4; lastKnownFileType = sourcecode.c.objc; path = RetrieveTeamPlayersPremierLeague.m; sourceTree = "<group>"; };
		50C7D9A91B78A0FF00D59001 /* FixturesWSL2.h */ = {isa = PBXFileReference; fileEncoding = 4; lastKnownFileType = sourcecode.c.h; path = FixturesWSL2.h; sourceTree = "<group>"; };
		50C7D9AA1B78A0FF00D59001 /* FixturesWSL2.m */ = {isa = PBXFileReference; fileEncoding = 4; lastKnownFileType = sourcecode.c.objc; path = FixturesWSL2.m; sourceTree = "<group>"; };
		50C7D9AC1B78DDE900D59001 /* Location.h */ = {isa = PBXFileReference; fileEncoding = 4; lastKnownFileType = sourcecode.c.h; path = Location.h; sourceTree = "<group>"; };
		50C7D9AD1B78DDE900D59001 /* Location.m */ = {isa = PBXFileReference; fileEncoding = 4; lastKnownFileType = sourcecode.c.objc; path = Location.m; sourceTree = "<group>"; };
		50CB6A941B8BA6210089F967 /* FixturesNorthernOne.h */ = {isa = PBXFileReference; fileEncoding = 4; lastKnownFileType = sourcecode.c.h; path = FixturesNorthernOne.h; sourceTree = "<group>"; };
		50CB6A951B8BA6210089F967 /* FixturesNorthernOne.m */ = {isa = PBXFileReference; fileEncoding = 4; lastKnownFileType = sourcecode.c.objc; path = FixturesNorthernOne.m; sourceTree = "<group>"; };
		50CB6A971B8BA63D0089F967 /* FixturesSouthEast.h */ = {isa = PBXFileReference; fileEncoding = 4; lastKnownFileType = sourcecode.c.h; path = FixturesSouthEast.h; sourceTree = "<group>"; };
		50CB6A981B8BA63D0089F967 /* FixturesSouthEast.m */ = {isa = PBXFileReference; fileEncoding = 4; lastKnownFileType = sourcecode.c.objc; path = FixturesSouthEast.m; sourceTree = "<group>"; };
		50CB6A9A1B8BA6580089F967 /* FixturesSouthWest.h */ = {isa = PBXFileReference; fileEncoding = 4; lastKnownFileType = sourcecode.c.h; path = FixturesSouthWest.h; sourceTree = "<group>"; };
		50CB6A9B1B8BA6580089F967 /* FixturesSouthWest.m */ = {isa = PBXFileReference; fileEncoding = 4; lastKnownFileType = sourcecode.c.objc; path = FixturesSouthWest.m; sourceTree = "<group>"; };
		50CB6A9D1B8BA67D0089F967 /* FixturesMidlands.h */ = {isa = PBXFileReference; fileEncoding = 4; lastKnownFileType = sourcecode.c.h; path = FixturesMidlands.h; sourceTree = "<group>"; };
		50CB6A9E1B8BA67D0089F967 /* FixturesMidlands.m */ = {isa = PBXFileReference; fileEncoding = 4; lastKnownFileType = sourcecode.c.objc; path = FixturesMidlands.m; sourceTree = "<group>"; };
		50CB6AA01B8C5BE60089F967 /* Reachability.h */ = {isa = PBXFileReference; fileEncoding = 4; lastKnownFileType = sourcecode.c.h; path = Reachability.h; sourceTree = "<group>"; };
		50CB6AA11B8C5BE60089F967 /* Reachability.m */ = {isa = PBXFileReference; fileEncoding = 4; lastKnownFileType = sourcecode.c.objc; path = Reachability.m; sourceTree = "<group>"; };
		721F5A1BD8D490C162AB90FE /* libPods.a */ = {isa = PBXFileReference; explicitFileType = archive.ar; includeInIndex = 0; path = libPods.a; sourceTree = BUILT_PRODUCTS_DIR; };
		AE62CA63292495AB9C35CCAD /* Pods.release.xcconfig */ = {isa = PBXFileReference; includeInIndex = 1; lastKnownFileType = text.xcconfig; name = Pods.release.xcconfig; path = "Pods/Target Support Files/Pods/Pods.release.xcconfig"; sourceTree = "<group>"; };
		FC3BA648CFCDD732ED0A9E09 /* Pods.debug.xcconfig */ = {isa = PBXFileReference; includeInIndex = 1; lastKnownFileType = text.xcconfig; name = Pods.debug.xcconfig; path = "Pods/Target Support Files/Pods/Pods.debug.xcconfig"; sourceTree = "<group>"; };
/* End PBXFileReference section */

/* Begin PBXFrameworksBuildPhase section */
		506A66E61B62930900BF7ECF /* Frameworks */ = {
			isa = PBXFrameworksBuildPhase;
			buildActionMask = 2147483647;
			files = (
				CAA0FFD3BA285F754D670913 /* libPods.a in Frameworks */,
			);
			runOnlyForDeploymentPostprocessing = 0;
		};
		506A66F91B62930900BF7ECF /* Frameworks */ = {
			isa = PBXFrameworksBuildPhase;
			buildActionMask = 2147483647;
			files = (
			);
			runOnlyForDeploymentPostprocessing = 0;
		};
/* End PBXFrameworksBuildPhase section */

/* Begin PBXGroup section */
		501C80E01B7202490009319B /* Clubs */ = {
			isa = PBXGroup;
			children = (
				501C80E11B7202BC0009319B /* ClubSelection1TableController.h */,
				501C80E21B7202BC0009319B /* ClubSelection1TableController.m */,
				501C80E31B7202BC0009319B /* ClubSelection1TableController.xib */,
				501C80E61B72057E0009319B /* ClubSelection2TableController.h */,
				501C80E71B72057E0009319B /* ClubSelection2TableController.m */,
				501C80E81B72057E0009319B /* ClubSelection2TableController.xib */,
				501C80EE1B721D730009319B /* ClubListCustomCell.xib */,
				501C80F01B721DBD0009319B /* ClubListCustomCell.h */,
				501C80F11B721DBD0009319B /* ClubListCustomCell.m */,
				501C80EB1B720A570009319B /* ClubsForLeagueChosen.h */,
				501C80EC1B720A570009319B /* ClubsForLeagueChosen.m */,
				501C80F31B7361620009319B /* PlayerTableViewController.h */,
				501C80F41B7361620009319B /* PlayerTableViewController.m */,
				501C80F51B7361620009319B /* PlayerTableViewController.xib */,
				501C81001B73F3A90009319B /* PlayerListCustomCell.xib */,
				501C81021B73F3D50009319B /* PlayerListCustomCell.h */,
				501C81031B73F3D50009319B /* PlayerListCustomCell.m */,
				501C80FD1B739E1A0009319B /* RetrieveTeamPlayersWSL.h */,
				501C80FE1B739E1A0009319B /* RetrieveTeamPlayersWSL.m */,
				50C7D9A21B765F4400D59001 /* RetrieveTeamPlayersPremierLeague.h */,
				50C7D9A31B765F4400D59001 /* RetrieveTeamPlayersPremierLeague.m */,
			);
			name = Clubs;
			sourceTree = "<group>";
		};
		5065152D1B8129B2001E4007 /* Podcasts */ = {
			isa = PBXGroup;
			children = (
				506515311B812AD0001E4007 /* PodcastsViewController.h */,
				506515321B812AD0001E4007 /* PodcastsViewController.m */,
				506515331B812AD0001E4007 /* PodcastsViewController.xib */,
			);
			name = Podcasts;
			sourceTree = "<group>";
		};
		506A66E01B62930900BF7ECF = {
			isa = PBXGroup;
			children = (
				506A66EB1B62930900BF7ECF /* FootbalAppSkeleton */,
				506A66FF1B62930900BF7ECF /* FootbalAppSkeletonTests */,
				506A66EA1B62930900BF7ECF /* Products */,
				EB6847333A43307AD0F2ADBF /* Pods */,
				E56C849745C62A2548C34BFB /* Frameworks */,
			);
			sourceTree = "<group>";
		};
		506A66EA1B62930900BF7ECF /* Products */ = {
			isa = PBXGroup;
			children = (
				506A66E91B62930900BF7ECF /* The Female Football Guide.app */,
				506A66FC1B62930900BF7ECF /* FootbalAppSkeletonTests.xctest */,
			);
			name = Products;
			sourceTree = "<group>";
		};
		506A66EB1B62930900BF7ECF /* FootbalAppSkeleton */ = {
			isa = PBXGroup;
			children = (
				5065152D1B8129B2001E4007 /* Podcasts */,
				501C80E01B7202490009319B /* Clubs */,
				50C2108C1B6F5A5D007DF45F /* Fixtures */,
				50C2108B1B6F5980007DF45F /* Match Finder */,
				50C2108A1B6F590A007DF45F /* Leagues */,
				506A66F01B62930900BF7ECF /* AppDelegate.h */,
				506A66F11B62930900BF7ECF /* AppDelegate.m */,
				50CB6AA01B8C5BE60089F967 /* Reachability.h */,
				50CB6AA11B8C5BE60089F967 /* Reachability.m */,
				506515401B8282A2001E4007 /* MBProgressHUD.h */,
				506515411B8282A3001E4007 /* MBProgressHUD.m */,
				506A67111B62937A00BF7ECF /* TabBarController.h */,
				506A67121B62937A00BF7ECF /* TabBarController.m */,
				506A67131B62937A00BF7ECF /* TabBarController.xib */,
				50C2105A1B67BBD9007DF45F /* CustomCellView.xib */,
				502C6E971B8F1EAA0019982F /* CustomCellView~ipad.xib */,
				50C2105C1B67BC9B007DF45F /* CustomCellView.h */,
				50C2105D1B67BC9B007DF45F /* CustomCellView.m */,
				50C210581B6776F0007DF45F /* ViewController.m */,
				506A670C1B62932900BF7ECF /* ViewController.h */,
				506A670E1B62932900BF7ECF /* ViewController.xib */,
				502C6E871B8DFB8F0019982F /* ViewController~ipad.xib */,
				50C210661B68C4E6007DF45F /* CustomCellViewLeagueTable.xib */,
				506A66F31B62930900BF7ECF /* Images.xcassets */,
				506A66F51B62930900BF7ECF /* LaunchScreen.xib */,
				502C6E9D1B8F8C660019982F /* LaunchScreen~ipad.xib */,
				506A66EC1B62930900BF7ECF /* Supporting Files */,
			);
			path = FootbalAppSkeleton;
			sourceTree = "<group>";
		};
		506A66EC1B62930900BF7ECF /* Supporting Files */ = {
			isa = PBXGroup;
			children = (
				502C6EA11B9057FA0019982F /* iconplain.pdf */,
				502C6E9F1B9057F50019982F /* gradient_background.pdf */,
				502C6E911B8F096B0019982F /* splashscreen.pdf */,
				502C6E8F1B8E3D060019982F /* greenbox.pdf */,
				502C6E8D1B8E34C10019982F /* backgroud.pdf */,
				506515561B8B1FB5001E4007 /* Football-50@2x.png */,
				506515541B8B1FAF001E4007 /* Football2-50(1)@2x.png */,
				506515521B8B1FA6001E4007 /* Wi-Fi-50@2x.png */,
				5065154D1B88A78C001E4007 /* Statistics-25.png */,
				5065154B1B88A77A001E4007 /* Search-25.png */,
				506515491B88A134001E4007 /* Statistics-25@2x.png */,
				506515471B88A127001E4007 /* Search-25@2x.png */,
				506515451B889AEC001E4007 /* Wi-Fi-50.png */,
				506515431B85CC08001E4007 /* podcast.png */,
				5065153E1B822572001E4007 /* background.jpg */,
				5065153C1B8213FC001E4007 /* file1001303850319.jpg */,
				5065153A1B821222001E4007 /* 1439834338_Podcast.png */,
				506515381B820E69001E4007 /* Football-50.png */,
				506515361B81F56D001E4007 /* Football2-50(1).png */,
				502C61D01B7DEC8500772B78 /* fixtureCoordinates.json */,
				502C61D11B7DEC8500772B78 /* WSL2fixtures.json */,
				502C61D21B7DEC8500772B78 /* WSL1fixtures.json */,
				506A66ED1B62930900BF7ECF /* Info.plist */,
				506A66EE1B62930900BF7ECF /* main.m */,
			);
			name = "Supporting Files";
			sourceTree = "<group>";
		};
		506A66FF1B62930900BF7ECF /* FootbalAppSkeletonTests */ = {
			isa = PBXGroup;
			children = (
				506A67021B62930900BF7ECF /* FootbalAppSkeletonTests.m */,
				506A67001B62930900BF7ECF /* Supporting Files */,
			);
			path = FootbalAppSkeletonTests;
			sourceTree = "<group>";
		};
		506A67001B62930900BF7ECF /* Supporting Files */ = {
			isa = PBXGroup;
			children = (
				506A67011B62930900BF7ECF /* Info.plist */,
			);
			name = "Supporting Files";
			sourceTree = "<group>";
		};
		50C2108A1B6F590A007DF45F /* Leagues */ = {
			isa = PBXGroup;
			children = (
				50C210531B667F71007DF45F /* LeagueMenuTableViewController.h */,
				50C210541B667F71007DF45F /* LeagueMenuTableViewController.m */,
				50C210551B667F71007DF45F /* LeagueMenuTableViewController.xib */,
				50C210851B6E1717007DF45F /* LeagueDetailTableViewController.h */,
				50C210861B6E1717007DF45F /* LeagueDetailTableViewController.m */,
				50C210871B6E1717007DF45F /* LeagueDetailTableViewController.xib */,
				50C2108D1B6F5C42007DF45F /* LeagueCustomView.xib */,
				502C6E9B1B8F24390019982F /* LeagueCustomView~ipad.xib */,
				50C2108F1B6F5F45007DF45F /* LeagueCustomView.h */,
				50C210901B6F5F45007DF45F /* LeagueCustomView.m */,
				50C210921B6F635C007DF45F /* LeagueWales.h */,
				50C210931B6F635C007DF45F /* LeagueWales.m */,
				5065154F1B8B0E6B001E4007 /* LeagueScotland.h */,
				506515501B8B0E6B001E4007 /* LeagueScotland.m */,
			);
			name = Leagues;
			sourceTree = "<group>";
		};
		50C2108B1B6F5980007DF45F /* Match Finder */ = {
			isa = PBXGroup;
			children = (
				506A671B1B63E71E00BF7ECF /* MatchFinderViewController.h */,
				506A671C1B63E71E00BF7ECF /* MatchFinderViewController.m */,
				506A671D1B63E71E00BF7ECF /* MatchFinderViewController.xib */,
				50C7D9AC1B78DDE900D59001 /* Location.h */,
				50C7D9AD1B78DDE900D59001 /* Location.m */,
			);
			name = "Match Finder";
			sourceTree = "<group>";
		};
		50C2108C1B6F5A5D007DF45F /* Fixtures */ = {
			isa = PBXGroup;
			children = (
				50C210681B68C6EC007DF45F /* FixturesTableViewController.h */,
				50C210691B68C6EC007DF45F /* FixturesTableViewController.m */,
				50C2106A1B68C6EC007DF45F /* FixturesTableViewController.xib */,
				50C2106D1B68E1C7007DF45F /* FixtureDetailTableViewController.h */,
				50C2106E1B68E1C7007DF45F /* FixtureDetailTableViewController.m */,
				50C2106F1B68E1C7007DF45F /* FixtureDetailTableViewController.xib */,
				50C210721B68EC75007DF45F /* FixtureCustomCellView.xib */,
				502C6E991B8F213B0019982F /* FixtureCustomCellView~ipad.xib */,
				50C210741B6904F2007DF45F /* FixtureCustomCellView.h */,
				50C210751B6904F2007DF45F /* FixtureCustomCellView.m */,
				50C210771B690D7E007DF45F /* FixturesSouth.h */,
				50C210781B690D7E007DF45F /* FixturesSouth.m */,
				50C2107F1B6B698E007DF45F /* FixturesNorth.h */,
				50C210801B6B698E007DF45F /* FixturesNorth.m */,
				50C210821B6B8CE4007DF45F /* FixturesWales.h */,
				50C210831B6B8CE4007DF45F /* FixturesWales.m */,
				501C80DD1B70C2880009319B /* FixturesWSL1.h */,
				501C80DE1B70C2880009319B /* FixturesWSL1.m */,
				50C7D9A91B78A0FF00D59001 /* FixturesWSL2.h */,
				50C7D9AA1B78A0FF00D59001 /* FixturesWSL2.m */,
				5065152A1B811326001E4007 /* FixturesScotland.h */,
				5065152B1B811326001E4007 /* FixturesScotland.m */,
				50CB6A941B8BA6210089F967 /* FixturesNorthernOne.h */,
				50CB6A951B8BA6210089F967 /* FixturesNorthernOne.m */,
				50CB6A971B8BA63D0089F967 /* FixturesSouthEast.h */,
				50CB6A981B8BA63D0089F967 /* FixturesSouthEast.m */,
				50CB6A9A1B8BA6580089F967 /* FixturesSouthWest.h */,
				50CB6A9B1B8BA6580089F967 /* FixturesSouthWest.m */,
				50CB6A9D1B8BA67D0089F967 /* FixturesMidlands.h */,
				50CB6A9E1B8BA67D0089F967 /* FixturesMidlands.m */,
			);
			name = Fixtures;
			sourceTree = "<group>";
		};
		E56C849745C62A2548C34BFB /* Frameworks */ = {
			isa = PBXGroup;
			children = (
				721F5A1BD8D490C162AB90FE /* libPods.a */,
			);
			name = Frameworks;
			sourceTree = "<group>";
		};
		EB6847333A43307AD0F2ADBF /* Pods */ = {
			isa = PBXGroup;
			children = (
				FC3BA648CFCDD732ED0A9E09 /* Pods.debug.xcconfig */,
				AE62CA63292495AB9C35CCAD /* Pods.release.xcconfig */,
			);
			name = Pods;
			sourceTree = "<group>";
		};
/* End PBXGroup section */

/* Begin PBXNativeTarget section */
		506A66E81B62930900BF7ECF /* FootbalAppSkeleton */ = {
			isa = PBXNativeTarget;
			buildConfigurationList = 506A67061B62930900BF7ECF /* Build configuration list for PBXNativeTarget "FootbalAppSkeleton" */;
			buildPhases = (
				21BC03DB6B6A3AFA50DCA8D6 /* Check Pods Manifest.lock */,
				506A66E51B62930900BF7ECF /* Sources */,
				506A66E61B62930900BF7ECF /* Frameworks */,
				506A66E71B62930900BF7ECF /* Resources */,
				3EA357EFEA95EB94FE3EF16E /* Copy Pods Resources */,
			);
			buildRules = (
			);
			dependencies = (
			);
			name = FootbalAppSkeleton;
			productName = FootbalAppSkeleton;
			productReference = 506A66E91B62930900BF7ECF /* The Female Football Guide.app */;
			productType = "com.apple.product-type.application";
		};
		506A66FB1B62930900BF7ECF /* FootbalAppSkeletonTests */ = {
			isa = PBXNativeTarget;
			buildConfigurationList = 506A67091B62930900BF7ECF /* Build configuration list for PBXNativeTarget "FootbalAppSkeletonTests" */;
			buildPhases = (
				506A66F81B62930900BF7ECF /* Sources */,
				506A66F91B62930900BF7ECF /* Frameworks */,
				506A66FA1B62930900BF7ECF /* Resources */,
			);
			buildRules = (
			);
			dependencies = (
				506A66FE1B62930900BF7ECF /* PBXTargetDependency */,
			);
			name = FootbalAppSkeletonTests;
			productName = FootbalAppSkeletonTests;
			productReference = 506A66FC1B62930900BF7ECF /* FootbalAppSkeletonTests.xctest */;
			productType = "com.apple.product-type.bundle.unit-test";
		};
/* End PBXNativeTarget section */

/* Begin PBXProject section */
		506A66E11B62930900BF7ECF /* Project object */ = {
			isa = PBXProject;
			attributes = {
				LastUpgradeCheck = 0630;
				ORGANIZATIONNAME = "Ben Lawson";
				TargetAttributes = {
					506A66E81B62930900BF7ECF = {
						CreatedOnToolsVersion = 6.3.2;
						DevelopmentTeam = 76QQFEQQ38;
					};
					506A66FB1B62930900BF7ECF = {
						CreatedOnToolsVersion = 6.3.2;
						TestTargetID = 506A66E81B62930900BF7ECF;
					};
				};
			};
			buildConfigurationList = 506A66E41B62930900BF7ECF /* Build configuration list for PBXProject "FootbalAppSkeleton" */;
			compatibilityVersion = "Xcode 3.2";
			developmentRegion = English;
			hasScannedForEncodings = 0;
			knownRegions = (
				en,
				Base,
			);
			mainGroup = 506A66E01B62930900BF7ECF;
			productRefGroup = 506A66EA1B62930900BF7ECF /* Products */;
			projectDirPath = "";
			projectRoot = "";
			targets = (
				506A66E81B62930900BF7ECF /* FootbalAppSkeleton */,
				506A66FB1B62930900BF7ECF /* FootbalAppSkeletonTests */,
			);
		};
/* End PBXProject section */

/* Begin PBXResourcesBuildPhase section */
		506A66E71B62930900BF7ECF /* Resources */ = {
			isa = PBXResourcesBuildPhase;
			buildActionMask = 2147483647;
			files = (
				502C6E981B8F1EAA0019982F /* CustomCellView~ipad.xib in Resources */,
				506515531B8B1FA6001E4007 /* Wi-Fi-50@2x.png in Resources */,
				502C6E8E1B8E34C10019982F /* backgroud.pdf in Resources */,
				506515461B889AEC001E4007 /* Wi-Fi-50.png in Resources */,
				5065153F1B822572001E4007 /* background.jpg in Resources */,
				50C2105B1B67BBD9007DF45F /* CustomCellView.xib in Resources */,
				506A66F71B62930900BF7ECF /* LaunchScreen.xib in Resources */,
				502C6E901B8E3D060019982F /* greenbox.pdf in Resources */,
				506A671F1B63E71E00BF7ECF /* MatchFinderViewController.xib in Resources */,
				50C210671B68C4E6007DF45F /* CustomCellViewLeagueTable.xib in Resources */,
				501C80EF1B721D730009319B /* ClubListCustomCell.xib in Resources */,
				506A67151B62937A00BF7ECF /* TabBarController.xib in Resources */,
				506515371B81F56D001E4007 /* Football2-50(1).png in Resources */,
				506515441B85CC08001E4007 /* podcast.png in Resources */,
				5065154C1B88A77A001E4007 /* Search-25.png in Resources */,
				50C210711B68E1C7007DF45F /* FixtureDetailTableViewController.xib in Resources */,
				502C6EA01B9057F50019982F /* gradient_background.pdf in Resources */,
				502C6E9C1B8F24390019982F /* LeagueCustomView~ipad.xib in Resources */,
				501C81011B73F3A90009319B /* PlayerListCustomCell.xib in Resources */,
				502C61D51B7DEC8500772B78 /* WSL1fixtures.json in Resources */,
				506515551B8B1FAF001E4007 /* Football2-50(1)@2x.png in Resources */,
				5065154E1B88A78C001E4007 /* Statistics-25.png in Resources */,
				502C6E9E1B8F8C660019982F /* LaunchScreen~ipad.xib in Resources */,
				502C6E921B8F096B0019982F /* splashscreen.pdf in Resources */,
				506A67101B62932900BF7ECF /* ViewController.xib in Resources */,
				50C2108E1B6F5C42007DF45F /* LeagueCustomView.xib in Resources */,
				50C2106C1B68C6EC007DF45F /* FixturesTableViewController.xib in Resources */,
				506515571B8B1FB5001E4007 /* Football-50@2x.png in Resources */,
				506A66F41B62930900BF7ECF /* Images.xcassets in Resources */,
				502C6E9A1B8F213B0019982F /* FixtureCustomCellView~ipad.xib in Resources */,
				50C210571B667F71007DF45F /* LeagueMenuTableViewController.xib in Resources */,
				501C80EA1B72057E0009319B /* ClubSelection2TableController.xib in Resources */,
				5065153D1B8213FC001E4007 /* file1001303850319.jpg in Resources */,
				5065154A1B88A134001E4007 /* Statistics-25@2x.png in Resources */,
				502C6EA21B9057FA0019982F /* iconplain.pdf in Resources */,
				501C80E51B7202BC0009319B /* ClubSelection1TableController.xib in Resources */,
				5065153B1B821222001E4007 /* 1439834338_Podcast.png in Resources */,
				502C61D41B7DEC8500772B78 /* WSL2fixtures.json in Resources */,
				506515351B812AD0001E4007 /* PodcastsViewController.xib in Resources */,
				50C210891B6E1717007DF45F /* LeagueDetailTableViewController.xib in Resources */,
				50C210731B68EC75007DF45F /* FixtureCustomCellView.xib in Resources */,
				506515481B88A127001E4007 /* Search-25@2x.png in Resources */,
				502C61D31B7DEC8500772B78 /* fixtureCoordinates.json in Resources */,
				501C80F71B7361620009319B /* PlayerTableViewController.xib in Resources */,
				506515391B820E69001E4007 /* Football-50.png in Resources */,
				502C6E881B8DFB8F0019982F /* ViewController~ipad.xib in Resources */,
			);
			runOnlyForDeploymentPostprocessing = 0;
		};
		506A66FA1B62930900BF7ECF /* Resources */ = {
			isa = PBXResourcesBuildPhase;
			buildActionMask = 2147483647;
			files = (
			);
			runOnlyForDeploymentPostprocessing = 0;
		};
/* End PBXResourcesBuildPhase section */

/* Begin PBXShellScriptBuildPhase section */
		21BC03DB6B6A3AFA50DCA8D6 /* Check Pods Manifest.lock */ = {
			isa = PBXShellScriptBuildPhase;
			buildActionMask = 2147483647;
			files = (
			);
			inputPaths = (
			);
			name = "Check Pods Manifest.lock";
			outputPaths = (
			);
			runOnlyForDeploymentPostprocessing = 0;
			shellPath = /bin/sh;
			shellScript = "diff \"${PODS_ROOT}/../Podfile.lock\" \"${PODS_ROOT}/Manifest.lock\" > /dev/null\nif [[ $? != 0 ]] ; then\n    cat << EOM\nerror: The sandbox is not in sync with the Podfile.lock. Run 'pod install' or update your CocoaPods installation.\nEOM\n    exit 1\nfi\n";
			showEnvVarsInLog = 0;
		};
		3EA357EFEA95EB94FE3EF16E /* Copy Pods Resources */ = {
			isa = PBXShellScriptBuildPhase;
			buildActionMask = 2147483647;
			files = (
			);
			inputPaths = (
			);
			name = "Copy Pods Resources";
			outputPaths = (
			);
			runOnlyForDeploymentPostprocessing = 0;
			shellPath = /bin/sh;
			shellScript = "\"${SRCROOT}/Pods/Target Support Files/Pods/Pods-resources.sh\"\n";
			showEnvVarsInLog = 0;
		};
/* End PBXShellScriptBuildPhase section */

/* Begin PBXSourcesBuildPhase section */
		506A66E51B62930900BF7ECF /* Sources */ = {
			isa = PBXSourcesBuildPhase;
			buildActionMask = 2147483647;
			files = (
				50C210841B6B8CE4007DF45F /* FixturesWales.m in Sources */,
				50C210591B6776F0007DF45F /* ViewController.m in Sources */,
				50C2106B1B68C6EC007DF45F /* FixturesTableViewController.m in Sources */,
				50C210811B6B698E007DF45F /* FixturesNorth.m in Sources */,
				501C80E91B72057E0009319B /* ClubSelection2TableController.m in Sources */,
				506A671E1B63E71E00BF7ECF /* MatchFinderViewController.m in Sources */,
				501C80FF1B739E1A0009319B /* RetrieveTeamPlayersWSL.m in Sources */,
				506515421B8282A3001E4007 /* MBProgressHUD.m in Sources */,
				50C210911B6F5F45007DF45F /* LeagueCustomView.m in Sources */,
				506A67141B62937A00BF7ECF /* TabBarController.m in Sources */,
				501C80DF1B70C2880009319B /* FixturesWSL1.m in Sources */,
				50C210561B667F71007DF45F /* LeagueMenuTableViewController.m in Sources */,
				506515511B8B0E6B001E4007 /* LeagueScotland.m in Sources */,
				50CB6A9F1B8BA67D0089F967 /* FixturesMidlands.m in Sources */,
				506515341B812AD0001E4007 /* PodcastsViewController.m in Sources */,
				50CB6A9C1B8BA6580089F967 /* FixturesSouthWest.m in Sources */,
				501C80E41B7202BC0009319B /* ClubSelection1TableController.m in Sources */,
				50C210701B68E1C7007DF45F /* FixtureDetailTableViewController.m in Sources */,
				50C7D9AE1B78DDE900D59001 /* Location.m in Sources */,
				50C7D9AB1B78A0FF00D59001 /* FixturesWSL2.m in Sources */,
				50C2105E1B67BC9B007DF45F /* CustomCellView.m in Sources */,
				50C210881B6E1717007DF45F /* LeagueDetailTableViewController.m in Sources */,
				506A66F21B62930900BF7ECF /* AppDelegate.m in Sources */,
				50CB6A991B8BA63D0089F967 /* FixturesSouthEast.m in Sources */,
				50C210941B6F635C007DF45F /* LeagueWales.m in Sources */,
				501C80F61B7361620009319B /* PlayerTableViewController.m in Sources */,
				501C80ED1B720A570009319B /* ClubsForLeagueChosen.m in Sources */,
				506A66EF1B62930900BF7ECF /* main.m in Sources */,
				501C80F21B721DBD0009319B /* ClubListCustomCell.m in Sources */,
				5065152C1B811326001E4007 /* FixturesScotland.m in Sources */,
				501C81041B73F3D50009319B /* PlayerListCustomCell.m in Sources */,
				50CB6A961B8BA6210089F967 /* FixturesNorthernOne.m in Sources */,
				50C210761B6904F2007DF45F /* FixtureCustomCellView.m in Sources */,
				50C7D9A41B765F4400D59001 /* RetrieveTeamPlayersPremierLeague.m in Sources */,
				50CB6AA21B8C5BE60089F967 /* Reachability.m in Sources */,
				50C210791B690D7E007DF45F /* FixturesSouth.m in Sources */,
			);
			runOnlyForDeploymentPostprocessing = 0;
		};
		506A66F81B62930900BF7ECF /* Sources */ = {
			isa = PBXSourcesBuildPhase;
			buildActionMask = 2147483647;
			files = (
				506A67031B62930900BF7ECF /* FootbalAppSkeletonTests.m in Sources */,
			);
			runOnlyForDeploymentPostprocessing = 0;
		};
/* End PBXSourcesBuildPhase section */

/* Begin PBXTargetDependency section */
		506A66FE1B62930900BF7ECF /* PBXTargetDependency */ = {
			isa = PBXTargetDependency;
			target = 506A66E81B62930900BF7ECF /* FootbalAppSkeleton */;
			targetProxy = 506A66FD1B62930900BF7ECF /* PBXContainerItemProxy */;
		};
/* End PBXTargetDependency section */

/* Begin PBXVariantGroup section */
		506A66F51B62930900BF7ECF /* LaunchScreen.xib */ = {
			isa = PBXVariantGroup;
			children = (
				506A66F61B62930900BF7ECF /* Base */,
			);
			name = LaunchScreen.xib;
			sourceTree = "<group>";
		};
/* End PBXVariantGroup section */

/* Begin XCBuildConfiguration section */
		506A67041B62930900BF7ECF /* Debug */ = {
			isa = XCBuildConfiguration;
			buildSettings = {
				ALWAYS_SEARCH_USER_PATHS = NO;
				CLANG_CXX_LANGUAGE_STANDARD = "gnu++0x";
				CLANG_CXX_LIBRARY = "libc++";
				CLANG_ENABLE_MODULES = YES;
				CLANG_ENABLE_OBJC_ARC = YES;
				CLANG_WARN_BOOL_CONVERSION = YES;
				CLANG_WARN_CONSTANT_CONVERSION = YES;
				CLANG_WARN_DIRECT_OBJC_ISA_USAGE = YES_ERROR;
				CLANG_WARN_EMPTY_BODY = YES;
				CLANG_WARN_ENUM_CONVERSION = YES;
				CLANG_WARN_INT_CONVERSION = YES;
				CLANG_WARN_OBJC_ROOT_CLASS = YES_ERROR;
				CLANG_WARN_UNREACHABLE_CODE = YES;
				CLANG_WARN__DUPLICATE_METHOD_MATCH = YES;
				"CODE_SIGN_IDENTITY[sdk=iphoneos*]" = "iPhone Developer";
				COPY_PHASE_STRIP = NO;
				DEBUG_INFORMATION_FORMAT = "dwarf-with-dsym";
				ENABLE_STRICT_OBJC_MSGSEND = YES;
				GCC_C_LANGUAGE_STANDARD = gnu99;
				GCC_DYNAMIC_NO_PIC = NO;
				GCC_NO_COMMON_BLOCKS = YES;
				GCC_OPTIMIZATION_LEVEL = 0;
				GCC_PREPROCESSOR_DEFINITIONS = (
					"DEBUG=1",
					"$(inherited)",
				);
				GCC_SYMBOLS_PRIVATE_EXTERN = NO;
				GCC_WARN_64_TO_32_BIT_CONVERSION = YES;
				GCC_WARN_ABOUT_RETURN_TYPE = YES_ERROR;
				GCC_WARN_UNDECLARED_SELECTOR = YES;
				GCC_WARN_UNINITIALIZED_AUTOS = YES_AGGRESSIVE;
				GCC_WARN_UNUSED_FUNCTION = YES;
				GCC_WARN_UNUSED_VARIABLE = YES;
				IPHONEOS_DEPLOYMENT_TARGET = 8.3;
				MTL_ENABLE_DEBUG_INFO = YES;
				ONLY_ACTIVE_ARCH = YES;
				SDKROOT = iphoneos;
			};
			name = Debug;
		};
		506A67051B62930900BF7ECF /* Release */ = {
			isa = XCBuildConfiguration;
			buildSettings = {
				ALWAYS_SEARCH_USER_PATHS = NO;
				CLANG_CXX_LANGUAGE_STANDARD = "gnu++0x";
				CLANG_CXX_LIBRARY = "libc++";
				CLANG_ENABLE_MODULES = YES;
				CLANG_ENABLE_OBJC_ARC = YES;
				CLANG_WARN_BOOL_CONVERSION = YES;
				CLANG_WARN_CONSTANT_CONVERSION = YES;
				CLANG_WARN_DIRECT_OBJC_ISA_USAGE = YES_ERROR;
				CLANG_WARN_EMPTY_BODY = YES;
				CLANG_WARN_ENUM_CONVERSION = YES;
				CLANG_WARN_INT_CONVERSION = YES;
				CLANG_WARN_OBJC_ROOT_CLASS = YES_ERROR;
				CLANG_WARN_UNREACHABLE_CODE = YES;
				CLANG_WARN__DUPLICATE_METHOD_MATCH = YES;
				"CODE_SIGN_IDENTITY[sdk=iphoneos*]" = "iPhone Developer";
				COPY_PHASE_STRIP = NO;
				DEBUG_INFORMATION_FORMAT = "dwarf-with-dsym";
				ENABLE_NS_ASSERTIONS = NO;
				ENABLE_STRICT_OBJC_MSGSEND = YES;
				GCC_C_LANGUAGE_STANDARD = gnu99;
				GCC_NO_COMMON_BLOCKS = YES;
				GCC_WARN_64_TO_32_BIT_CONVERSION = YES;
				GCC_WARN_ABOUT_RETURN_TYPE = YES_ERROR;
				GCC_WARN_UNDECLARED_SELECTOR = YES;
				GCC_WARN_UNINITIALIZED_AUTOS = YES_AGGRESSIVE;
				GCC_WARN_UNUSED_FUNCTION = YES;
				GCC_WARN_UNUSED_VARIABLE = YES;
				IPHONEOS_DEPLOYMENT_TARGET = 8.3;
				MTL_ENABLE_DEBUG_INFO = NO;
				ONLY_ACTIVE_ARCH = YES;
				SDKROOT = iphoneos;
				VALIDATE_PRODUCT = YES;
			};
			name = Release;
		};
		506A67071B62930900BF7ECF /* Debug */ = {
			isa = XCBuildConfiguration;
			baseConfigurationReference = FC3BA648CFCDD732ED0A9E09 /* Pods.debug.xcconfig */;
			buildSettings = {
				ASSETCATALOG_COMPILER_APPICON_NAME = AppIcon;
				CODE_SIGN_IDENTITY = "iPhone Developer";
				INFOPLIST_FILE = FootbalAppSkeleton/Info.plist;
				LD_RUNPATH_SEARCH_PATHS = "$(inherited) @executable_path/Frameworks";
				PRODUCT_NAME = "The Female Football Guide";
				TARGETED_DEVICE_FAMILY = "1,2";
			};
			name = Debug;
		};
		506A67081B62930900BF7ECF /* Release */ = {
			isa = XCBuildConfiguration;
			baseConfigurationReference = AE62CA63292495AB9C35CCAD /* Pods.release.xcconfig */;
			buildSettings = {
				ASSETCATALOG_COMPILER_APPICON_NAME = AppIcon;
				CODE_SIGN_IDENTITY = "iPhone Developer";
				INFOPLIST_FILE = FootbalAppSkeleton/Info.plist;
				LD_RUNPATH_SEARCH_PATHS = "$(inherited) @executable_path/Frameworks";
				PRODUCT_NAME = "The Female Football Guide";
				TARGETED_DEVICE_FAMILY = "1,2";
			};
			name = Release;
		};
		506A670A1B62930900BF7ECF /* Debug */ = {
			isa = XCBuildConfiguration;
			buildSettings = {
				BUNDLE_LOADER = "$(TEST_HOST)";
				FRAMEWORK_SEARCH_PATHS = (
					"$(SDKROOT)/Developer/Library/Frameworks",
					"$(inherited)",
				);
				GCC_PREPROCESSOR_DEFINITIONS = (
					"DEBUG=1",
					"$(inherited)",
				);
				INFOPLIST_FILE = FootbalAppSkeletonTests/Info.plist;
				LD_RUNPATH_SEARCH_PATHS = "$(inherited) @executable_path/Frameworks @loader_path/Frameworks";
				PRODUCT_NAME = "$(TARGET_NAME)";
				TEST_HOST = "$(BUILT_PRODUCTS_DIR)/FootbalAppSkeleton.app/FootbalAppSkeleton";
			};
			name = Debug;
		};
		506A670B1B62930900BF7ECF /* Release */ = {
			isa = XCBuildConfiguration;
			buildSettings = {
				BUNDLE_LOADER = "$(TEST_HOST)";
				FRAMEWORK_SEARCH_PATHS = (
					"$(SDKROOT)/Developer/Library/Frameworks",
					"$(inherited)",
				);
				INFOPLIST_FILE = FootbalAppSkeletonTests/Info.plist;
				LD_RUNPATH_SEARCH_PATHS = "$(inherited) @executable_path/Frameworks @loader_path/Frameworks";
				PRODUCT_NAME = "$(TARGET_NAME)";
				TEST_HOST = "$(BUILT_PRODUCTS_DIR)/FootbalAppSkeleton.app/FootbalAppSkeleton";
			};
			name = Release;
		};
/* End XCBuildConfiguration section */

/* Begin XCConfigurationList section */
		506A66E41B62930900BF7ECF /* Build configuration list for PBXProject "FootbalAppSkeleton" */ = {
			isa = XCConfigurationList;
			buildConfigurations = (
				506A67041B62930900BF7ECF /* Debug */,
				506A67051B62930900BF7ECF /* Release */,
			);
			defaultConfigurationIsVisible = 0;
			defaultConfigurationName = Release;
		};
		506A67061B62930900BF7ECF /* Build configuration list for PBXNativeTarget "FootbalAppSkeleton" */ = {
			isa = XCConfigurationList;
			buildConfigurations = (
				506A67071B62930900BF7ECF /* Debug */,
				506A67081B62930900BF7ECF /* Release */,
			);
			defaultConfigurationIsVisible = 0;
			defaultConfigurationName = Release;
		};
		506A67091B62930900BF7ECF /* Build configuration list for PBXNativeTarget "FootbalAppSkeletonTests" */ = {
			isa = XCConfigurationList;
			buildConfigurations = (
				506A670A1B62930900BF7ECF /* Debug */,
				506A670B1B62930900BF7ECF /* Release */,
			);
			defaultConfigurationIsVisible = 0;
			defaultConfigurationName = Release;
		};
/* End XCConfigurationList section */
	};
	rootObject = 506A66E11B62930900BF7ECF /* Project object */;
}
